
Microsoft Visual Studio Solution File, Format Version 12.00
# Visual Studio Version 17
VisualStudioVersion = 17.3.32901.215
MinimumVisualStudioVersion = 10.0.40219.1
Project("{54A90642-561A-4BB1-A94E-469ADEE60C69}") = "frontend", "frontend.esproj", "{9393DB81-1979-4233-A9C9-B9BA92AE4469}"
EndProject
Global
	GlobalSection(SolutionConfigurationPlatforms) = preSolution
		Debug|Any CPU = Debug|Any CPU
		Release|Any CPU = Release|Any CPU
	EndGlobalSection
	GlobalSection(ProjectConfigurationPlatforms) = postSolution
		{9393DB81-1979-4233-A9C9-B9BA92AE4469}.Debug|Any CPU.ActiveCfg = Debug|Any CPU
		{9393DB81-1979-4233-A9C9-B9BA92AE4469}.Debug|Any CPU.Build.0 = Debug|Any CPU
		{9393DB81-1979-4233-A9C9-B9BA92AE4469}.Debug|Any CPU.Deploy.0 = Debug|Any CPU
		{9393DB81-1979-4233-A9C9-B9BA92AE4469}.Release|Any CPU.ActiveCfg = Release|Any CPU
		{9393DB81-1979-4233-A9C9-B9BA92AE4469}.Release|Any CPU.Build.0 = Release|Any CPU
		{9393DB81-1979-4233-A9C9-B9BA92AE4469}.Release|Any CPU.Deploy.0 = Release|Any CPU
	EndGlobalSection
	GlobalSection(SolutionProperties) = preSolution
		HideSolutionNode = FALSE
	EndGlobalSection
	GlobalSection(ExtensibilityGlobals) = postSolution
		SolutionGuid = {3D4B64E5-562C-481F-876E-AC8B4D6C51BC}
	EndGlobalSection
EndGlobal
